// !$*UTF8*$!
{
	archiveVersion = 1;
	classes = {
	};
	objectVersion = 48;
	objects = {

/* Begin PBXBuildFile section */
		1175788620863031004CBB5D /* AppDelegate.swift in Sources */ = {isa = PBXBuildFile; fileRef = 1175788520863031004CBB5D /* AppDelegate.swift */; };
		1175788820863031004CBB5D /* MainViewController.swift in Sources */ = {isa = PBXBuildFile; fileRef = 1175788720863031004CBB5D /* MainViewController.swift */; };
		1175788B20863031004CBB5D /* Main.storyboard in Resources */ = {isa = PBXBuildFile; fileRef = 1175788920863031004CBB5D /* Main.storyboard */; };
		1175788D20863031004CBB5D /* Assets.xcassets in Resources */ = {isa = PBXBuildFile; fileRef = 1175788C20863031004CBB5D /* Assets.xcassets */; };
		1175789020863031004CBB5D /* LaunchScreen.storyboard in Resources */ = {isa = PBXBuildFile; fileRef = 1175788E20863031004CBB5D /* LaunchScreen.storyboard */; };
		11817C53208721D300C4626A /* FacebookProvider.swift in Sources */ = {isa = PBXBuildFile; fileRef = 11817C52208721D300C4626A /* FacebookProvider.swift */; };
		11817C5B2087303F00C4626A /* GoogleMapsViewController.swift in Sources */ = {isa = PBXBuildFile; fileRef = 11817C592087303F00C4626A /* GoogleMapsViewController.swift */; };
		11817C5C2087303F00C4626A /* GoogleMapsViewController.xib in Resources */ = {isa = PBXBuildFile; fileRef = 11817C5A2087303F00C4626A /* GoogleMapsViewController.xib */; };
		11817C60208731FD00C4626A /* Double+Extensions.swift in Sources */ = {isa = PBXBuildFile; fileRef = 11817C5F208731FD00C4626A /* Double+Extensions.swift */; };
		11817C6620875CFE00C4626A /* Weather.swift in Sources */ = {isa = PBXBuildFile; fileRef = 11817C6520875CFE00C4626A /* Weather.swift */; };
		11817C6820875D2D00C4626A /* WeatherProvider.swift in Sources */ = {isa = PBXBuildFile; fileRef = 11817C6720875D2D00C4626A /* WeatherProvider.swift */; };
		11817C6C2088D84B00C4626A /* WeatherViewController.swift in Sources */ = {isa = PBXBuildFile; fileRef = 11817C6A2088D84B00C4626A /* WeatherViewController.swift */; };
		11817C6D2088D84B00C4626A /* WeatherViewController.xib in Resources */ = {isa = PBXBuildFile; fileRef = 11817C6B2088D84B00C4626A /* WeatherViewController.xib */; };
		11817C702088D8F600C4626A /* WeatherView.swift in Sources */ = {isa = PBXBuildFile; fileRef = 11817C6F2088D8F600C4626A /* WeatherView.swift */; };
		371558D68DB02C8D98352874 /* Pods_GoogleMapsTestApp.framework in Frameworks */ = {isa = PBXBuildFile; fileRef = A3AACB86C0B947630D8A04E7 /* Pods_GoogleMapsTestApp.framework */; };
/* End PBXBuildFile section */

/* Begin PBXFileReference section */
		1175788220863031004CBB5D /* GoogleMapsTestApp.app */ = {isa = PBXFileReference; explicitFileType = wrapper.application; includeInIndex = 0; path = GoogleMapsTestApp.app; sourceTree = BUILT_PRODUCTS_DIR; };
		1175788520863031004CBB5D /* AppDelegate.swift */ = {isa = PBXFileReference; lastKnownFileType = sourcecode.swift; path = AppDelegate.swift; sourceTree = "<group>"; };
		1175788720863031004CBB5D /* MainViewController.swift */ = {isa = PBXFileReference; lastKnownFileType = sourcecode.swift; path = MainViewController.swift; sourceTree = "<group>"; };
		1175788A20863031004CBB5D /* Base */ = {isa = PBXFileReference; lastKnownFileType = file.storyboard; name = Base; path = Base.lproj/Main.storyboard; sourceTree = "<group>"; };
		1175788C20863031004CBB5D /* Assets.xcassets */ = {isa = PBXFileReference; lastKnownFileType = folder.assetcatalog; path = Assets.xcassets; sourceTree = "<group>"; };
		1175788F20863031004CBB5D /* Base */ = {isa = PBXFileReference; lastKnownFileType = file.storyboard; name = Base; path = Base.lproj/LaunchScreen.storyboard; sourceTree = "<group>"; };
		1175789120863031004CBB5D /* Info.plist */ = {isa = PBXFileReference; lastKnownFileType = text.plist.xml; path = Info.plist; sourceTree = "<group>"; };
		117578982086441B004CBB5D /* FBSDKCoreKit.framework */ = {isa = PBXFileReference; explicitFileType = wrapper.framework; path = FBSDKCoreKit.framework; sourceTree = BUILT_PRODUCTS_DIR; };
		1175789A20864420004CBB5D /* FBSDKLoginKit.framework */ = {isa = PBXFileReference; explicitFileType = wrapper.framework; path = FBSDKLoginKit.framework; sourceTree = BUILT_PRODUCTS_DIR; };
		11817C52208721D300C4626A /* FacebookProvider.swift */ = {isa = PBXFileReference; lastKnownFileType = sourcecode.swift; path = FacebookProvider.swift; sourceTree = "<group>"; };
		11817C592087303F00C4626A /* GoogleMapsViewController.swift */ = {isa = PBXFileReference; lastKnownFileType = sourcecode.swift; path = GoogleMapsViewController.swift; sourceTree = "<group>"; };
		11817C5A2087303F00C4626A /* GoogleMapsViewController.xib */ = {isa = PBXFileReference; lastKnownFileType = file.xib; path = GoogleMapsViewController.xib; sourceTree = "<group>"; };
		11817C5F208731FD00C4626A /* Double+Extensions.swift */ = {isa = PBXFileReference; lastKnownFileType = sourcecode.swift; path = "Double+Extensions.swift"; sourceTree = "<group>"; };
		11817C6520875CFE00C4626A /* Weather.swift */ = {isa = PBXFileReference; lastKnownFileType = sourcecode.swift; path = Weather.swift; sourceTree = "<group>"; };
		11817C6720875D2D00C4626A /* WeatherProvider.swift */ = {isa = PBXFileReference; lastKnownFileType = sourcecode.swift; path = WeatherProvider.swift; sourceTree = "<group>"; };
		11817C6A2088D84B00C4626A /* WeatherViewController.swift */ = {isa = PBXFileReference; lastKnownFileType = sourcecode.swift; path = WeatherViewController.swift; sourceTree = "<group>"; };
		11817C6B2088D84B00C4626A /* WeatherViewController.xib */ = {isa = PBXFileReference; lastKnownFileType = file.xib; path = WeatherViewController.xib; sourceTree = "<group>"; };
		11817C6F2088D8F600C4626A /* WeatherView.swift */ = {isa = PBXFileReference; lastKnownFileType = sourcecode.swift; path = WeatherView.swift; sourceTree = "<group>"; };
		51AB13F315458390F3DE0DAF /* Pods-GoogleMapsTestApp.debug.xcconfig */ = {isa = PBXFileReference; includeInIndex = 1; lastKnownFileType = text.xcconfig; name = "Pods-GoogleMapsTestApp.debug.xcconfig"; path = "Pods/Target Support Files/Pods-GoogleMapsTestApp/Pods-GoogleMapsTestApp.debug.xcconfig"; sourceTree = "<group>"; };
		6F7DC55D143686C6FDE1D300 /* Pods-GoogleMapsTestApp.release.xcconfig */ = {isa = PBXFileReference; includeInIndex = 1; lastKnownFileType = text.xcconfig; name = "Pods-GoogleMapsTestApp.release.xcconfig"; path = "Pods/Target Support Files/Pods-GoogleMapsTestApp/Pods-GoogleMapsTestApp.release.xcconfig"; sourceTree = "<group>"; };
		A3AACB86C0B947630D8A04E7 /* Pods_GoogleMapsTestApp.framework */ = {isa = PBXFileReference; explicitFileType = wrapper.framework; includeInIndex = 0; path = Pods_GoogleMapsTestApp.framework; sourceTree = BUILT_PRODUCTS_DIR; };
/* End PBXFileReference section */

/* Begin PBXFrameworksBuildPhase section */
		1175787F20863031004CBB5D /* Frameworks */ = {
			isa = PBXFrameworksBuildPhase;
			buildActionMask = 2147483647;
			files = (
				371558D68DB02C8D98352874 /* Pods_GoogleMapsTestApp.framework in Frameworks */,
			);
			runOnlyForDeploymentPostprocessing = 0;
		};
/* End PBXFrameworksBuildPhase section */

/* Begin PBXGroup section */
		1175787920863031004CBB5D = {
			isa = PBXGroup;
			children = (
				11817C5720872E2800C4626A /* Source */,
				1175788420863031004CBB5D /* GoogleMapsTestApp */,
				1175788320863031004CBB5D /* Products */,
				4FAFF5E86485F51684C2461B /* Pods */,
				6C855BC8F57A749B361D020B /* Frameworks */,
			);
			sourceTree = "<group>";
		};
		1175788320863031004CBB5D /* Products */ = {
			isa = PBXGroup;
			children = (
				1175788220863031004CBB5D /* GoogleMapsTestApp.app */,
			);
			name = Products;
			sourceTree = "<group>";
		};
		1175788420863031004CBB5D /* GoogleMapsTestApp */ = {
			isa = PBXGroup;
			children = (
				1175788520863031004CBB5D /* AppDelegate.swift */,
				1175788920863031004CBB5D /* Main.storyboard */,
				1175788C20863031004CBB5D /* Assets.xcassets */,
				1175788E20863031004CBB5D /* LaunchScreen.storyboard */,
				1175789120863031004CBB5D /* Info.plist */,
			);
			path = GoogleMapsTestApp;
			sourceTree = "<group>";
		};
		11817C50208721B500C4626A /* Providers */ = {
			isa = PBXGroup;
			children = (
				11817C6120875CBB00C4626A /* WeatherProvider */,
				11817C51208721BF00C4626A /* FacebookProvider */,
			);
			path = Providers;
			sourceTree = "<group>";
		};
		11817C51208721BF00C4626A /* FacebookProvider */ = {
			isa = PBXGroup;
			children = (
				11817C52208721D300C4626A /* FacebookProvider.swift */,
			);
			path = FacebookProvider;
			sourceTree = "<group>";
		};
		11817C5420872D9E00C4626A /* UI */ = {
			isa = PBXGroup;
			children = (
				11817C692088D82900C4626A /* WeatherViewController */,
				11817C5820872FEC00C4626A /* GoogleMapsViewController */,
				11817C5620872DD700C4626A /* MainViewController */,
			);
			path = UI;
			sourceTree = "<group>";
		};
		11817C5620872DD700C4626A /* MainViewController */ = {
			isa = PBXGroup;
			children = (
				1175788720863031004CBB5D /* MainViewController.swift */,
			);
			path = MainViewController;
			sourceTree = "<group>";
		};
		11817C5720872E2800C4626A /* Source */ = {
			isa = PBXGroup;
			children = (
				11817C5D208731BE00C4626A /* Library */,
				11817C6320875CE000C4626A /* Models */,
				11817C5420872D9E00C4626A /* UI */,
				11817C50208721B500C4626A /* Providers */,
			);
			path = Source;
			sourceTree = "<group>";
		};
		11817C5820872FEC00C4626A /* GoogleMapsViewController */ = {
			isa = PBXGroup;
			children = (
				11817C592087303F00C4626A /* GoogleMapsViewController.swift */,
				11817C5A2087303F00C4626A /* GoogleMapsViewController.xib */,
			);
			path = GoogleMapsViewController;
			sourceTree = "<group>";
		};
		11817C5D208731BE00C4626A /* Library */ = {
			isa = PBXGroup;
			children = (
				11817C5E208731CD00C4626A /* Extension */,
			);
			path = Library;
			sourceTree = "<group>";
		};
		11817C5E208731CD00C4626A /* Extension */ = {
			isa = PBXGroup;
			children = (
				11817C5F208731FD00C4626A /* Double+Extensions.swift */,
			);
			path = Extension;
			sourceTree = "<group>";
		};
		11817C6120875CBB00C4626A /* WeatherProvider */ = {
			isa = PBXGroup;
			children = (
				11817C6720875D2D00C4626A /* WeatherProvider.swift */,
			);
			path = WeatherProvider;
			sourceTree = "<group>";
		};
		11817C6320875CE000C4626A /* Models */ = {
			isa = PBXGroup;
			children = (
				11817C6420875CED00C4626A /* Weather */,
			);
			path = Models;
			sourceTree = "<group>";
		};
		11817C6420875CED00C4626A /* Weather */ = {
			isa = PBXGroup;
			children = (
				11817C6520875CFE00C4626A /* Weather.swift */,
			);
			path = Weather;
			sourceTree = "<group>";
		};
		11817C692088D82900C4626A /* WeatherViewController */ = {
			isa = PBXGroup;
			children = (
				11817C6E2088D8DB00C4626A /* view */,
				11817C6A2088D84B00C4626A /* WeatherViewController.swift */,
				11817C6B2088D84B00C4626A /* WeatherViewController.xib */,
			);
			path = WeatherViewController;
			sourceTree = "<group>";
		};
		11817C6E2088D8DB00C4626A /* view */ = {
			isa = PBXGroup;
			children = (
				11817C6F2088D8F600C4626A /* WeatherView.swift */,
			);
			path = view;
			sourceTree = "<group>";
		};
		4FAFF5E86485F51684C2461B /* Pods */ = {
			isa = PBXGroup;
			children = (
				51AB13F315458390F3DE0DAF /* Pods-GoogleMapsTestApp.debug.xcconfig */,
				6F7DC55D143686C6FDE1D300 /* Pods-GoogleMapsTestApp.release.xcconfig */,
			);
			name = Pods;
			sourceTree = "<group>";
		};
		6C855BC8F57A749B361D020B /* Frameworks */ = {
			isa = PBXGroup;
			children = (
				1175789A20864420004CBB5D /* FBSDKLoginKit.framework */,
				117578982086441B004CBB5D /* FBSDKCoreKit.framework */,
				A3AACB86C0B947630D8A04E7 /* Pods_GoogleMapsTestApp.framework */,
			);
			name = Frameworks;
			sourceTree = "<group>";
		};
/* End PBXGroup section */

/* Begin PBXNativeTarget section */
		1175788120863031004CBB5D /* GoogleMapsTestApp */ = {
			isa = PBXNativeTarget;
			buildConfigurationList = 1175789420863031004CBB5D /* Build configuration list for PBXNativeTarget "GoogleMapsTestApp" */;
			buildPhases = (
				C954B06973ABC3CD85EB0409 /* [CP] Check Pods Manifest.lock */,
				1175787E20863031004CBB5D /* Sources */,
				1175787F20863031004CBB5D /* Frameworks */,
				1175788020863031004CBB5D /* Resources */,
				FC9D0B5C6C45DD25F2458530 /* [CP] Embed Pods Frameworks */,
				A82BD577A2DE73A7FDF69C2F /* [CP] Copy Pods Resources */,
			);
			buildRules = (
			);
			dependencies = (
			);
			name = GoogleMapsTestApp;
			productName = GoogleMapsTestApp;
			productReference = 1175788220863031004CBB5D /* GoogleMapsTestApp.app */;
			productType = "com.apple.product-type.application";
		};
/* End PBXNativeTarget section */

/* Begin PBXProject section */
		1175787A20863031004CBB5D /* Project object */ = {
			isa = PBXProject;
			attributes = {
				LastSwiftUpdateCheck = 0920;
				LastUpgradeCheck = 0920;
				ORGANIZATIONNAME = "Oleksandr Borysenko";
				TargetAttributes = {
					1175788120863031004CBB5D = {
						CreatedOnToolsVersion = 9.2;
						ProvisioningStyle = Automatic;
					};
				};
			};
			buildConfigurationList = 1175787D20863031004CBB5D /* Build configuration list for PBXProject "GoogleMapsTestApp" */;
			compatibilityVersion = "Xcode 8.0";
			developmentRegion = en;
			hasScannedForEncodings = 0;
			knownRegions = (
				en,
				Base,
			);
			mainGroup = 1175787920863031004CBB5D;
			productRefGroup = 1175788320863031004CBB5D /* Products */;
			projectDirPath = "";
			projectRoot = "";
			targets = (
				1175788120863031004CBB5D /* GoogleMapsTestApp */,
			);
		};
/* End PBXProject section */

/* Begin PBXResourcesBuildPhase section */
		1175788020863031004CBB5D /* Resources */ = {
			isa = PBXResourcesBuildPhase;
			buildActionMask = 2147483647;
			files = (
				11817C6D2088D84B00C4626A /* WeatherViewController.xib in Resources */,
				1175789020863031004CBB5D /* LaunchScreen.storyboard in Resources */,
				1175788D20863031004CBB5D /* Assets.xcassets in Resources */,
				11817C5C2087303F00C4626A /* GoogleMapsViewController.xib in Resources */,
				1175788B20863031004CBB5D /* Main.storyboard in Resources */,
			);
			runOnlyForDeploymentPostprocessing = 0;
		};
/* End PBXResourcesBuildPhase section */

/* Begin PBXShellScriptBuildPhase section */
		A82BD577A2DE73A7FDF69C2F /* [CP] Copy Pods Resources */ = {
			isa = PBXShellScriptBuildPhase;
			buildActionMask = 2147483647;
			files = (
			);
			inputPaths = (
				"${SRCROOT}/Pods/Target Support Files/Pods-GoogleMapsTestApp/Pods-GoogleMapsTestApp-resources.sh",
				"${PODS_ROOT}/GoogleMaps/Maps/Frameworks/GoogleMaps.framework/Resources/GoogleMaps.bundle",
			);
			name = "[CP] Copy Pods Resources";
			outputPaths = (
				"${TARGET_BUILD_DIR}/${UNLOCALIZED_RESOURCES_FOLDER_PATH}/GoogleMaps.bundle",
			);
			runOnlyForDeploymentPostprocessing = 0;
			shellPath = /bin/sh;
			shellScript = "\"${SRCROOT}/Pods/Target Support Files/Pods-GoogleMapsTestApp/Pods-GoogleMapsTestApp-resources.sh\"\n";
			showEnvVarsInLog = 0;
		};
		C954B06973ABC3CD85EB0409 /* [CP] Check Pods Manifest.lock */ = {
			isa = PBXShellScriptBuildPhase;
			buildActionMask = 2147483647;
			files = (
			);
			inputPaths = (
				"${PODS_PODFILE_DIR_PATH}/Podfile.lock",
				"${PODS_ROOT}/Manifest.lock",
			);
			name = "[CP] Check Pods Manifest.lock";
			outputPaths = (
				"$(DERIVED_FILE_DIR)/Pods-GoogleMapsTestApp-checkManifestLockResult.txt",
			);
			runOnlyForDeploymentPostprocessing = 0;
			shellPath = /bin/sh;
			shellScript = "diff \"${PODS_PODFILE_DIR_PATH}/Podfile.lock\" \"${PODS_ROOT}/Manifest.lock\" > /dev/null\nif [ $? != 0 ] ; then\n    # print error to STDERR\n    echo \"error: The sandbox is not in sync with the Podfile.lock. Run 'pod install' or update your CocoaPods installation.\" >&2\n    exit 1\nfi\n# This output is used by Xcode 'outputs' to avoid re-running this script phase.\necho \"SUCCESS\" > \"${SCRIPT_OUTPUT_FILE_0}\"\n";
			showEnvVarsInLog = 0;
		};
		FC9D0B5C6C45DD25F2458530 /* [CP] Embed Pods Frameworks */ = {
			isa = PBXShellScriptBuildPhase;
			buildActionMask = 2147483647;
			files = (
			);
			inputPaths = (
				"${SRCROOT}/Pods/Target Support Files/Pods-GoogleMapsTestApp/Pods-GoogleMapsTestApp-frameworks.sh",
				"${BUILT_PRODUCTS_DIR}/Alamofire/Alamofire.framework",
				"${BUILT_PRODUCTS_DIR}/Argo/Argo.framework",
				"${BUILT_PRODUCTS_DIR}/Bolts/Bolts.framework",
				"${BUILT_PRODUCTS_DIR}/Curry/Curry.framework",
				"${BUILT_PRODUCTS_DIR}/FBSDKCoreKit/FBSDKCoreKit.framework",
				"${BUILT_PRODUCTS_DIR}/FBSDKLoginKit/FBSDKLoginKit.framework",
				"${BUILT_PRODUCTS_DIR}/Runes/Runes.framework",
			);
			name = "[CP] Embed Pods Frameworks";
			outputPaths = (
				"${TARGET_BUILD_DIR}/${FRAMEWORKS_FOLDER_PATH}/Alamofire.framework",
				"${TARGET_BUILD_DIR}/${FRAMEWORKS_FOLDER_PATH}/Argo.framework",
				"${TARGET_BUILD_DIR}/${FRAMEWORKS_FOLDER_PATH}/Bolts.framework",
				"${TARGET_BUILD_DIR}/${FRAMEWORKS_FOLDER_PATH}/Curry.framework",
				"${TARGET_BUILD_DIR}/${FRAMEWORKS_FOLDER_PATH}/FBSDKCoreKit.framework",
				"${TARGET_BUILD_DIR}/${FRAMEWORKS_FOLDER_PATH}/FBSDKLoginKit.framework",
				"${TARGET_BUILD_DIR}/${FRAMEWORKS_FOLDER_PATH}/Runes.framework",
			);
			runOnlyForDeploymentPostprocessing = 0;
			shellPath = /bin/sh;
			shellScript = "\"${SRCROOT}/Pods/Target Support Files/Pods-GoogleMapsTestApp/Pods-GoogleMapsTestApp-frameworks.sh\"\n";
			showEnvVarsInLog = 0;
		};
/* End PBXShellScriptBuildPhase section */

/* Begin PBXSourcesBuildPhase section */
		1175787E20863031004CBB5D /* Sources */ = {
			isa = PBXSourcesBuildPhase;
			buildActionMask = 2147483647;
			files = (
				1175788820863031004CBB5D /* MainViewController.swift in Sources */,
				11817C6820875D2D00C4626A /* WeatherProvider.swift in Sources */,
				1175788620863031004CBB5D /* AppDelegate.swift in Sources */,
				11817C5B2087303F00C4626A /* GoogleMapsViewController.swift in Sources */,
				11817C53208721D300C4626A /* FacebookProvider.swift in Sources */,
				11817C6C2088D84B00C4626A /* WeatherViewController.swift in Sources */,
				11817C702088D8F600C4626A /* WeatherView.swift in Sources */,
				11817C6620875CFE00C4626A /* Weather.swift in Sources */,
				11817C60208731FD00C4626A /* Double+Extensions.swift in Sources */,
			);
			runOnlyForDeploymentPostprocessing = 0;
		};
/* End PBXSourcesBuildPhase section */

/* Begin PBXVariantGroup section */
		1175788920863031004CBB5D /* Main.storyboard */ = {
			isa = PBXVariantGroup;
			children = (
				1175788A20863031004CBB5D /* Base */,
			);
			name = Main.storyboard;
			sourceTree = "<group>";
		};
		1175788E20863031004CBB5D /* LaunchScreen.storyboard */ = {
			isa = PBXVariantGroup;
			children = (
				1175788F20863031004CBB5D /* Base */,
			);
			name = LaunchScreen.storyboard;
			sourceTree = "<group>";
		};
/* End PBXVariantGroup section */

/* Begin XCBuildConfiguration section */
		1175789220863031004CBB5D /* Debug */ = {
			isa = XCBuildConfiguration;
			buildSettings = {
				ALWAYS_SEARCH_USER_PATHS = NO;
				CLANG_ANALYZER_NONNULL = YES;
				CLANG_ANALYZER_NUMBER_OBJECT_CONVERSION = YES_AGGRESSIVE;
				CLANG_CXX_LANGUAGE_STANDARD = "gnu++14";
				CLANG_CXX_LIBRARY = "libc++";
				CLANG_ENABLE_MODULES = YES;
				CLANG_ENABLE_OBJC_ARC = YES;
				CLANG_WARN_BLOCK_CAPTURE_AUTORELEASING = YES;
				CLANG_WARN_BOOL_CONVERSION = YES;
				CLANG_WARN_COMMA = YES;
				CLANG_WARN_CONSTANT_CONVERSION = YES;
				CLANG_WARN_DIRECT_OBJC_ISA_USAGE = YES_ERROR;
				CLANG_WARN_DOCUMENTATION_COMMENTS = YES;
				CLANG_WARN_EMPTY_BODY = YES;
				CLANG_WARN_ENUM_CONVERSION = YES;
				CLANG_WARN_INFINITE_RECURSION = YES;
				CLANG_WARN_INT_CONVERSION = YES;
				CLANG_WARN_NON_LITERAL_NULL_CONVERSION = YES;
				CLANG_WARN_OBJC_LITERAL_CONVERSION = YES;
				CLANG_WARN_OBJC_ROOT_CLASS = YES_ERROR;
				CLANG_WARN_RANGE_LOOP_ANALYSIS = YES;
				CLANG_WARN_STRICT_PROTOTYPES = YES;
				CLANG_WARN_SUSPICIOUS_MOVE = YES;
				CLANG_WARN_UNGUARDED_AVAILABILITY = YES_AGGRESSIVE;
				CLANG_WARN_UNREACHABLE_CODE = YES;
				CLANG_WARN__DUPLICATE_METHOD_MATCH = YES;
				CODE_SIGN_IDENTITY = "iPhone Developer";
				COPY_PHASE_STRIP = NO;
				DEBUG_INFORMATION_FORMAT = dwarf;
				ENABLE_STRICT_OBJC_MSGSEND = YES;
				ENABLE_TESTABILITY = YES;
				GCC_C_LANGUAGE_STANDARD = gnu11;
				GCC_DYNAMIC_NO_PIC = NO;
				GCC_NO_COMMON_BLOCKS = YES;
				GCC_OPTIMIZATION_LEVEL = 0;
				GCC_PREPROCESSOR_DEFINITIONS = (
					"DEBUG=1",
					"$(inherited)",
				);
				GCC_WARN_64_TO_32_BIT_CONVERSION = YES;
				GCC_WARN_ABOUT_RETURN_TYPE = YES_ERROR;
				GCC_WARN_UNDECLARED_SELECTOR = YES;
				GCC_WARN_UNINITIALIZED_AUTOS = YES_AGGRESSIVE;
				GCC_WARN_UNUSED_FUNCTION = YES;
				GCC_WARN_UNUSED_VARIABLE = YES;
				IPHONEOS_DEPLOYMENT_TARGET = 11.2;
				MTL_ENABLE_DEBUG_INFO = YES;
				ONLY_ACTIVE_ARCH = YES;
				SDKROOT = iphoneos;
				SWIFT_ACTIVE_COMPILATION_CONDITIONS = DEBUG;
				SWIFT_OPTIMIZATION_LEVEL = "-Onone";
			};
			name = Debug;
		};
		1175789320863031004CBB5D /* Release */ = {
			isa = XCBuildConfiguration;
			buildSettings = {
				ALWAYS_SEARCH_USER_PATHS = NO;
				CLANG_ANALYZER_NONNULL = YES;
				CLANG_ANALYZER_NUMBER_OBJECT_CONVERSION = YES_AGGRESSIVE;
				CLANG_CXX_LANGUAGE_STANDARD = "gnu++14";
				CLANG_CXX_LIBRARY = "libc++";
				CLANG_ENABLE_MODULES = YES;
				CLANG_ENABLE_OBJC_ARC = YES;
				CLANG_WARN_BLOCK_CAPTURE_AUTORELEASING = YES;
				CLANG_WARN_BOOL_CONVERSION = YES;
				CLANG_WARN_COMMA = YES;
				CLANG_WARN_CONSTANT_CONVERSION = YES;
				CLANG_WARN_DIRECT_OBJC_ISA_USAGE = YES_ERROR;
				CLANG_WARN_DOCUMENTATION_COMMENTS = YES;
				CLANG_WARN_EMPTY_BODY = YES;
				CLANG_WARN_ENUM_CONVERSION = YES;
				CLANG_WARN_INFINITE_RECURSION = YES;
				CLANG_WARN_INT_CONVERSION = YES;
				CLANG_WARN_NON_LITERAL_NULL_CONVERSION = YES;
				CLANG_WARN_OBJC_LITERAL_CONVERSION = YES;
				CLANG_WARN_OBJC_ROOT_CLASS = YES_ERROR;
				CLANG_WARN_RANGE_LOOP_ANALYSIS = YES;
				CLANG_WARN_STRICT_PROTOTYPES = YES;
				CLANG_WARN_SUSPICIOUS_MOVE = YES;
				CLANG_WARN_UNGUARDED_AVAILABILITY = YES_AGGRESSIVE;
				CLANG_WARN_UNREACHABLE_CODE = YES;
				CLANG_WARN__DUPLICATE_METHOD_MATCH = YES;
				CODE_SIGN_IDENTITY = "iPhone Developer";
				COPY_PHASE_STRIP = NO;
				DEBUG_INFORMATION_FORMAT = "dwarf-with-dsym";
				ENABLE_NS_ASSERTIONS = NO;
				ENABLE_STRICT_OBJC_MSGSEND = YES;
				GCC_C_LANGUAGE_STANDARD = gnu11;
				GCC_NO_COMMON_BLOCKS = YES;
				GCC_WARN_64_TO_32_BIT_CONVERSION = YES;
				GCC_WARN_ABOUT_RETURN_TYPE = YES_ERROR;
				GCC_WARN_UNDECLARED_SELECTOR = YES;
				GCC_WARN_UNINITIALIZED_AUTOS = YES_AGGRESSIVE;
				GCC_WARN_UNUSED_FUNCTION = YES;
				GCC_WARN_UNUSED_VARIABLE = YES;
				IPHONEOS_DEPLOYMENT_TARGET = 11.2;
				MTL_ENABLE_DEBUG_INFO = NO;
				SDKROOT = iphoneos;
				SWIFT_OPTIMIZATION_LEVEL = "-Owholemodule";
				VALIDATE_PRODUCT = YES;
			};
			name = Release;
		};
		1175789520863031004CBB5D /* Debug */ = {
			isa = XCBuildConfiguration;
			baseConfigurationReference = 51AB13F315458390F3DE0DAF /* Pods-GoogleMapsTestApp.debug.xcconfig */;
			buildSettings = {
				ASSETCATALOG_COMPILER_APPICON_NAME = AppIcon;
				CODE_SIGN_STYLE = Automatic;
				DEVELOPMENT_TEAM = ZFBU62RG8P;
				INFOPLIST_FILE = GoogleMapsTestApp/Info.plist;
				LD_RUNPATH_SEARCH_PATHS = "$(inherited) @executable_path/Frameworks";
				PRODUCT_BUNDLE_IDENTIFIER = IDP.GoogleMapsTestApp;
				PRODUCT_NAME = "$(TARGET_NAME)";
				SWIFT_VERSION = 4.0;
				TARGETED_DEVICE_FAMILY = "1,2";
			};
			name = Debug;
		};
		1175789620863031004CBB5D /* Release */ = {
			isa = XCBuildConfiguration;
			baseConfigurationReference = 6F7DC55D143686C6FDE1D300 /* Pods-GoogleMapsTestApp.release.xcconfig */;
			buildSettings = {
				ASSETCATALOG_COMPILER_APPICON_NAME = AppIcon;
				CODE_SIGN_STYLE = Automatic;
				DEVELOPMENT_TEAM = ZFBU62RG8P;
				INFOPLIST_FILE = GoogleMapsTestApp/Info.plist;
				LD_RUNPATH_SEARCH_PATHS = "$(inherited) @executable_path/Frameworks";
				PRODUCT_BUNDLE_IDENTIFIER = IDP.GoogleMapsTestApp;
				PRODUCT_NAME = "$(TARGET_NAME)";
				SWIFT_VERSION = 4.0;
				TARGETED_DEVICE_FAMILY = "1,2";
			};
			name = Release;
		};
/* End XCBuildConfiguration section */

/* Begin XCConfigurationList section */
		1175787D20863031004CBB5D /* Build configuration list for PBXProject "GoogleMapsTestApp" */ = {
			isa = XCConfigurationList;
			buildConfigurations = (
				1175789220863031004CBB5D /* Debug */,
				1175789320863031004CBB5D /* Release */,
			);
			defaultConfigurationIsVisible = 0;
			defaultConfigurationName = Release;
		};
		1175789420863031004CBB5D /* Build configuration list for PBXNativeTarget "GoogleMapsTestApp" */ = {
			isa = XCConfigurationList;
			buildConfigurations = (
				1175789520863031004CBB5D /* Debug */,
				1175789620863031004CBB5D /* Release */,
			);
			defaultConfigurationIsVisible = 0;
			defaultConfigurationName = Release;
		};
/* End XCConfigurationList section */
	};
	rootObject = 1175787A20863031004CBB5D /* Project object */;
}
